// !$*UTF8*$!
{
	archiveVersion = 1;
	classes = {
	};
	objectVersion = 50;
	objects = {

/* Begin PBXBuildFile section */
		67030255224828C800D3D53D /* myOrders.swift in Sources */ = {isa = PBXBuildFile; fileRef = 67030254224828C800D3D53D /* myOrders.swift */; };
		6703025C2248350800D3D53D /* mapscreen.swift in Sources */ = {isa = PBXBuildFile; fileRef = 6703025B2248350800D3D53D /* mapscreen.swift */; };
		6703026222484C9700D3D53D /* menuVC.swift in Sources */ = {isa = PBXBuildFile; fileRef = 6703026122484C9700D3D53D /* menuVC.swift */; };
		6703026C224853F100D3D53D /* SWRevealViewController.m in Sources */ = {isa = PBXBuildFile; fileRef = 6703026A224853EC00D3D53D /* SWRevealViewController.m */; };
		6703026E2248637800D3D53D /* contact_Us.swift in Sources */ = {isa = PBXBuildFile; fileRef = 6703026D2248637800D3D53D /* contact_Us.swift */; };
		670302702248639A00D3D53D /* myAccount.swift in Sources */ = {isa = PBXBuildFile; fileRef = 6703026F2248639A00D3D53D /* myAccount.swift */; };
		67444A1722540EC300731616 /* DetailsVC.swift in Sources */ = {isa = PBXBuildFile; fileRef = 67444A1622540EC300731616 /* DetailsVC.swift */; };
		6782E811224667CB00EE19B5 /* AppDelegate.swift in Sources */ = {isa = PBXBuildFile; fileRef = 6782E810224667CB00EE19B5 /* AppDelegate.swift */; };
		6782E813224667CB00EE19B5 /* Register.swift in Sources */ = {isa = PBXBuildFile; fileRef = 6782E812224667CB00EE19B5 /* Register.swift */; };
		6782E816224667CB00EE19B5 /* Main.storyboard in Resources */ = {isa = PBXBuildFile; fileRef = 6782E814224667CB00EE19B5 /* Main.storyboard */; };
		6782E81B224667CD00EE19B5 /* LaunchScreen.storyboard in Resources */ = {isa = PBXBuildFile; fileRef = 6782E819224667CD00EE19B5 /* LaunchScreen.storyboard */; };
		6782E82A224675D800EE19B5 /* Cairo-Black.ttf in Resources */ = {isa = PBXBuildFile; fileRef = 6782E823224675D800EE19B5 /* Cairo-Black.ttf */; };
		6782E82B224675D800EE19B5 /* Cairo-Bold.ttf in Resources */ = {isa = PBXBuildFile; fileRef = 6782E824224675D800EE19B5 /* Cairo-Bold.ttf */; };
		6782E82C224675D800EE19B5 /* Cairo-ExtraLight.ttf in Resources */ = {isa = PBXBuildFile; fileRef = 6782E825224675D800EE19B5 /* Cairo-ExtraLight.ttf */; };
		6782E82D224675D800EE19B5 /* Cairo-Light.ttf in Resources */ = {isa = PBXBuildFile; fileRef = 6782E826224675D800EE19B5 /* Cairo-Light.ttf */; };
		6782E82E224675D800EE19B5 /* Cairo-Regular.ttf in Resources */ = {isa = PBXBuildFile; fileRef = 6782E827224675D800EE19B5 /* Cairo-Regular.ttf */; };
		6782E82F224675D800EE19B5 /* Cairo-SemiBold.ttf in Resources */ = {isa = PBXBuildFile; fileRef = 6782E828224675D800EE19B5 /* Cairo-SemiBold.ttf */; };
		6782E830224675D800EE19B5 /* OFL.txt in Resources */ = {isa = PBXBuildFile; fileRef = 6782E829224675D800EE19B5 /* OFL.txt */; };
		6782E8332246793600EE19B5 /* CornerReduis.swift in Sources */ = {isa = PBXBuildFile; fileRef = 6782E8322246793600EE19B5 /* CornerReduis.swift */; };
		6786B8882252A011009EF555 /* API.swift in Sources */ = {isa = PBXBuildFile; fileRef = 6786B8872252A011009EF555 /* API.swift */; };
		6786B88B2252A075009EF555 /* models.swift in Sources */ = {isa = PBXBuildFile; fileRef = 6786B88A2252A075009EF555 /* models.swift */; };
		6786B88D2252AF24009EF555 /* helper.swift in Sources */ = {isa = PBXBuildFile; fileRef = 6786B88C2252AF24009EF555 /* helper.swift */; };
		678B20972246D75E00B44ABA /* LogIn.swift in Sources */ = {isa = PBXBuildFile; fileRef = 678B20962246D75E00B44ABA /* LogIn.swift */; };
		678B20992246E6E900B44ABA /* cellData.swift in Sources */ = {isa = PBXBuildFile; fileRef = 678B20982246E6E900B44ABA /* cellData.swift */; };
		678B209D2246E75100B44ABA /* Catagories.swift in Sources */ = {isa = PBXBuildFile; fileRef = 678B209C2246E75100B44ABA /* Catagories.swift */; };
		67D63E122246FC0200840B08 /* Assets.xcassets in Resources */ = {isa = PBXBuildFile; fileRef = 67D63E112246FC0100840B08 /* Assets.xcassets */; };
		67D63E142247042400840B08 /* subCatagoriesVC.swift in Sources */ = {isa = PBXBuildFile; fileRef = 67D63E132247042400840B08 /* subCatagoriesVC.swift */; };
		67D63E16224704CF00840B08 /* subCatacell.swift in Sources */ = {isa = PBXBuildFile; fileRef = 67D63E15224704CF00840B08 /* subCatacell.swift */; };
		FD4BFE25E323AD9CD6F19B60 /* Pods_task_Hkurat.framework in Frameworks */ = {isa = PBXBuildFile; fileRef = EB202AC69EDFE04903253C7A /* Pods_task_Hkurat.framework */; };
/* End PBXBuildFile section */

/* Begin PBXFileReference section */
		288F0EB583C7BC0283E27788 /* Pods-task_Hkurat.debug.xcconfig */ = {isa = PBXFileReference; includeInIndex = 1; lastKnownFileType = text.xcconfig; name = "Pods-task_Hkurat.debug.xcconfig"; path = "Target Support Files/Pods-task_Hkurat/Pods-task_Hkurat.debug.xcconfig"; sourceTree = "<group>"; };
		67030254224828C800D3D53D /* myOrders.swift */ = {isa = PBXFileReference; lastKnownFileType = sourcecode.swift; path = myOrders.swift; sourceTree = "<group>"; };
		6703025B2248350800D3D53D /* mapscreen.swift */ = {isa = PBXFileReference; lastKnownFileType = sourcecode.swift; path = mapscreen.swift; sourceTree = "<group>"; };
		6703026122484C9700D3D53D /* menuVC.swift */ = {isa = PBXFileReference; lastKnownFileType = sourcecode.swift; path = menuVC.swift; sourceTree = "<group>"; };
		67030269224853E800D3D53D /* task_Hkurat-Bridging-Header.h */ = {isa = PBXFileReference; lastKnownFileType = sourcecode.c.h; path = "task_Hkurat-Bridging-Header.h"; sourceTree = "<group>"; };
		6703026A224853EC00D3D53D /* SWRevealViewController.m */ = {isa = PBXFileReference; fileEncoding = 4; lastKnownFileType = sourcecode.c.objc; path = SWRevealViewController.m; sourceTree = "<group>"; };
		6703026B224853EF00D3D53D /* SWRevealViewController.h */ = {isa = PBXFileReference; fileEncoding = 4; lastKnownFileType = sourcecode.c.h; path = SWRevealViewController.h; sourceTree = "<group>"; };
		6703026D2248637800D3D53D /* contact_Us.swift */ = {isa = PBXFileReference; lastKnownFileType = sourcecode.swift; path = contact_Us.swift; sourceTree = "<group>"; };
		6703026F2248639A00D3D53D /* myAccount.swift */ = {isa = PBXFileReference; lastKnownFileType = sourcecode.swift; path = myAccount.swift; sourceTree = "<group>"; };
		67444A1622540EC300731616 /* DetailsVC.swift */ = {isa = PBXFileReference; lastKnownFileType = sourcecode.swift; path = DetailsVC.swift; sourceTree = "<group>"; };
		6782E80D224667CB00EE19B5 /* task_Hkurat.app */ = {isa = PBXFileReference; explicitFileType = wrapper.application; includeInIndex = 0; path = task_Hkurat.app; sourceTree = BUILT_PRODUCTS_DIR; };
		6782E810224667CB00EE19B5 /* AppDelegate.swift */ = {isa = PBXFileReference; lastKnownFileType = sourcecode.swift; path = AppDelegate.swift; sourceTree = "<group>"; };
		6782E812224667CB00EE19B5 /* Register.swift */ = {isa = PBXFileReference; lastKnownFileType = sourcecode.swift; path = Register.swift; sourceTree = "<group>"; };
		6782E815224667CB00EE19B5 /* Base */ = {isa = PBXFileReference; lastKnownFileType = file.storyboard; name = Base; path = Base.lproj/Main.storyboard; sourceTree = "<group>"; };
		6782E81A224667CD00EE19B5 /* Base */ = {isa = PBXFileReference; lastKnownFileType = file.storyboard; name = Base; path = Base.lproj/LaunchScreen.storyboard; sourceTree = "<group>"; };
		6782E81C224667CD00EE19B5 /* Info.plist */ = {isa = PBXFileReference; lastKnownFileType = text.plist.xml; path = Info.plist; sourceTree = "<group>"; };
		6782E823224675D800EE19B5 /* Cairo-Black.ttf */ = {isa = PBXFileReference; lastKnownFileType = file; path = "Cairo-Black.ttf"; sourceTree = "<group>"; };
		6782E824224675D800EE19B5 /* Cairo-Bold.ttf */ = {isa = PBXFileReference; lastKnownFileType = file; path = "Cairo-Bold.ttf"; sourceTree = "<group>"; };
		6782E825224675D800EE19B5 /* Cairo-ExtraLight.ttf */ = {isa = PBXFileReference; lastKnownFileType = file; path = "Cairo-ExtraLight.ttf"; sourceTree = "<group>"; };
		6782E826224675D800EE19B5 /* Cairo-Light.ttf */ = {isa = PBXFileReference; lastKnownFileType = file; path = "Cairo-Light.ttf"; sourceTree = "<group>"; };
		6782E827224675D800EE19B5 /* Cairo-Regular.ttf */ = {isa = PBXFileReference; lastKnownFileType = file; path = "Cairo-Regular.ttf"; sourceTree = "<group>"; };
		6782E828224675D800EE19B5 /* Cairo-SemiBold.ttf */ = {isa = PBXFileReference; lastKnownFileType = file; path = "Cairo-SemiBold.ttf"; sourceTree = "<group>"; };
		6782E829224675D800EE19B5 /* OFL.txt */ = {isa = PBXFileReference; fileEncoding = 4; lastKnownFileType = text; path = OFL.txt; sourceTree = "<group>"; };
		6782E8322246793600EE19B5 /* CornerReduis.swift */ = {isa = PBXFileReference; lastKnownFileType = sourcecode.swift; path = CornerReduis.swift; sourceTree = "<group>"; };
		6786B8872252A011009EF555 /* API.swift */ = {isa = PBXFileReference; lastKnownFileType = sourcecode.swift; path = API.swift; sourceTree = "<group>"; };
		6786B88A2252A075009EF555 /* models.swift */ = {isa = PBXFileReference; lastKnownFileType = sourcecode.swift; path = models.swift; sourceTree = "<group>"; };
		6786B88C2252AF24009EF555 /* helper.swift */ = {isa = PBXFileReference; lastKnownFileType = sourcecode.swift; path = helper.swift; sourceTree = "<group>"; };
		678B20962246D75E00B44ABA /* LogIn.swift */ = {isa = PBXFileReference; lastKnownFileType = sourcecode.swift; path = LogIn.swift; sourceTree = "<group>"; };
		678B20982246E6E900B44ABA /* cellData.swift */ = {isa = PBXFileReference; lastKnownFileType = sourcecode.swift; path = cellData.swift; sourceTree = "<group>"; };
		678B209C2246E75100B44ABA /* Catagories.swift */ = {isa = PBXFileReference; lastKnownFileType = sourcecode.swift; path = Catagories.swift; sourceTree = "<group>"; };
		67D63E112246FC0100840B08 /* Assets.xcassets */ = {isa = PBXFileReference; lastKnownFileType = folder.assetcatalog; path = Assets.xcassets; sourceTree = "<group>"; };
		67D63E132247042400840B08 /* subCatagoriesVC.swift */ = {isa = PBXFileReference; lastKnownFileType = sourcecode.swift; path = subCatagoriesVC.swift; sourceTree = "<group>"; };
		67D63E15224704CF00840B08 /* subCatacell.swift */ = {isa = PBXFileReference; lastKnownFileType = sourcecode.swift; path = subCatacell.swift; sourceTree = "<group>"; };
		B57C6E78DD0D32152CDBE08B /* Pods-task_Hkurat.release.xcconfig */ = {isa = PBXFileReference; includeInIndex = 1; lastKnownFileType = text.xcconfig; name = "Pods-task_Hkurat.release.xcconfig"; path = "Target Support Files/Pods-task_Hkurat/Pods-task_Hkurat.release.xcconfig"; sourceTree = "<group>"; };
		EB202AC69EDFE04903253C7A /* Pods_task_Hkurat.framework */ = {isa = PBXFileReference; explicitFileType = wrapper.framework; includeInIndex = 0; path = Pods_task_Hkurat.framework; sourceTree = BUILT_PRODUCTS_DIR; };
/* End PBXFileReference section */

/* Begin PBXFrameworksBuildPhase section */
		6782E80A224667CB00EE19B5 /* Frameworks */ = {
			isa = PBXFrameworksBuildPhase;
			buildActionMask = 2147483647;
			files = (
				FD4BFE25E323AD9CD6F19B60 /* Pods_task_Hkurat.framework in Frameworks */,
			);
			runOnlyForDeploymentPostprocessing = 0;
		};
/* End PBXFrameworksBuildPhase section */

/* Begin PBXGroup section */
		6703026322484F6700D3D53D /* Supporting Files */ = {
			isa = PBXGroup;
			children = (
				6703026B224853EF00D3D53D /* SWRevealViewController.h */,
				6703026A224853EC00D3D53D /* SWRevealViewController.m */,
				67030269224853E800D3D53D /* task_Hkurat-Bridging-Header.h */,
			);
			path = "Supporting Files";
			sourceTree = "<group>";
		};
		6782E804224667CB00EE19B5 = {
			isa = PBXGroup;
			children = (
				6782E80F224667CB00EE19B5 /* task_Hkurat */,
				6782E80E224667CB00EE19B5 /* Products */,
				78084D918E041F777E9F3512 /* Pods */,
				973AC68B3FF887DBE4EEFCD8 /* Frameworks */,
			);
			sourceTree = "<group>";
		};
		6782E80E224667CB00EE19B5 /* Products */ = {
			isa = PBXGroup;
			children = (
				6782E80D224667CB00EE19B5 /* task_Hkurat.app */,
			);
			name = Products;
			sourceTree = "<group>";
		};
		6782E80F224667CB00EE19B5 /* task_Hkurat */ = {
			isa = PBXGroup;
			children = (
				6703026322484F6700D3D53D /* Supporting Files */,
				6786B8892252A051009EF555 /* model */,
				6782E822224675D800EE19B5 /* cairo */,
				678B20952246D72600B44ABA /* Views */,
				678B20942246D70C00B44ABA /* controller */,
				6782E831224678F400EE19B5 /* extensions */,
				6782E810224667CB00EE19B5 /* AppDelegate.swift */,
				6782E814224667CB00EE19B5 /* Main.storyboard */,
				6782E819224667CD00EE19B5 /* LaunchScreen.storyboard */,
				67D63E112246FC0100840B08 /* Assets.xcassets */,
				6782E81C224667CD00EE19B5 /* Info.plist */,
			);
			path = task_Hkurat;
			sourceTree = "<group>";
		};
		6782E822224675D800EE19B5 /* cairo */ = {
			isa = PBXGroup;
			children = (
				6782E823224675D800EE19B5 /* Cairo-Black.ttf */,
				6782E824224675D800EE19B5 /* Cairo-Bold.ttf */,
				6782E825224675D800EE19B5 /* Cairo-ExtraLight.ttf */,
				6782E826224675D800EE19B5 /* Cairo-Light.ttf */,
				6782E827224675D800EE19B5 /* Cairo-Regular.ttf */,
				6782E828224675D800EE19B5 /* Cairo-SemiBold.ttf */,
				6782E829224675D800EE19B5 /* OFL.txt */,
			);
			path = cairo;
			sourceTree = "<group>";
		};
		6782E831224678F400EE19B5 /* extensions */ = {
			isa = PBXGroup;
			children = (
				6786B8872252A011009EF555 /* API.swift */,
				6782E8322246793600EE19B5 /* CornerReduis.swift */,
				6786B88C2252AF24009EF555 /* helper.swift */,
			);
			path = extensions;
			sourceTree = "<group>";
		};
		6786B8892252A051009EF555 /* model */ = {
			isa = PBXGroup;
			children = (
				6786B88A2252A075009EF555 /* models.swift */,
			);
			path = model;
			sourceTree = "<group>";
		};
		678B20942246D70C00B44ABA /* controller */ = {
			isa = PBXGroup;
			children = (
				6782E812224667CB00EE19B5 /* Register.swift */,
				678B20962246D75E00B44ABA /* LogIn.swift */,
				678B209C2246E75100B44ABA /* Catagories.swift */,
				67D63E132247042400840B08 /* subCatagoriesVC.swift */,
				67030254224828C800D3D53D /* myOrders.swift */,
				6703025B2248350800D3D53D /* mapscreen.swift */,
				6703026122484C9700D3D53D /* menuVC.swift */,
				6703026D2248637800D3D53D /* contact_Us.swift */,
				6703026F2248639A00D3D53D /* myAccount.swift */,
				67444A1622540EC300731616 /* DetailsVC.swift */,
			);
			path = controller;
			sourceTree = "<group>";
		};
		678B20952246D72600B44ABA /* Views */ = {
			isa = PBXGroup;
			children = (
				678B20982246E6E900B44ABA /* cellData.swift */,
				67D63E15224704CF00840B08 /* subCatacell.swift */,
			);
			path = Views;
			sourceTree = "<group>";
		};
		78084D918E041F777E9F3512 /* Pods */ = {
			isa = PBXGroup;
			children = (
				288F0EB583C7BC0283E27788 /* Pods-task_Hkurat.debug.xcconfig */,
				B57C6E78DD0D32152CDBE08B /* Pods-task_Hkurat.release.xcconfig */,
			);
			path = Pods;
			sourceTree = "<group>";
		};
		973AC68B3FF887DBE4EEFCD8 /* Frameworks */ = {
			isa = PBXGroup;
			children = (
				EB202AC69EDFE04903253C7A /* Pods_task_Hkurat.framework */,
			);
			name = Frameworks;
			sourceTree = "<group>";
		};
/* End PBXGroup section */

/* Begin PBXNativeTarget section */
		6782E80C224667CB00EE19B5 /* task_Hkurat */ = {
			isa = PBXNativeTarget;
			buildConfigurationList = 6782E81F224667CD00EE19B5 /* Build configuration list for PBXNativeTarget "task_Hkurat" */;
			buildPhases = (
				631C87F9055DDFC340870CFE /* [CP] Check Pods Manifest.lock */,
				6782E809224667CB00EE19B5 /* Sources */,
				6782E80A224667CB00EE19B5 /* Frameworks */,
				6782E80B224667CB00EE19B5 /* Resources */,
				5E6B4423C4CA2650BF778873 /* [CP] Embed Pods Frameworks */,
			);
			buildRules = (
			);
			dependencies = (
			);
			name = task_Hkurat;
			productName = task_Hkurat;
			productReference = 6782E80D224667CB00EE19B5 /* task_Hkurat.app */;
			productType = "com.apple.product-type.application";
		};
/* End PBXNativeTarget section */

/* Begin PBXProject section */
		6782E805224667CB00EE19B5 /* Project object */ = {
			isa = PBXProject;
			attributes = {
				LastSwiftUpdateCheck = 1000;
				LastUpgradeCheck = 1000;
				ORGANIZATIONNAME = youssef;
				TargetAttributes = {
					6782E80C224667CB00EE19B5 = {
						CreatedOnToolsVersion = 10.0;
						LastSwiftMigration = 1000;
					};
				};
			};
			buildConfigurationList = 6782E808224667CB00EE19B5 /* Build configuration list for PBXProject "task_Hkurat" */;
			compatibilityVersion = "Xcode 9.3";
			developmentRegion = en;
			hasScannedForEncodings = 0;
			knownRegions = (
				en,
				Base,
			);
			mainGroup = 6782E804224667CB00EE19B5;
			productRefGroup = 6782E80E224667CB00EE19B5 /* Products */;
			projectDirPath = "";
			projectRoot = "";
			targets = (
				6782E80C224667CB00EE19B5 /* task_Hkurat */,
			);
		};
/* End PBXProject section */

/* Begin PBXResourcesBuildPhase section */
		6782E80B224667CB00EE19B5 /* Resources */ = {
			isa = PBXResourcesBuildPhase;
			buildActionMask = 2147483647;
			files = (
				6782E830224675D800EE19B5 /* OFL.txt in Resources */,
				6782E81B224667CD00EE19B5 /* LaunchScreen.storyboard in Resources */,
				6782E82C224675D800EE19B5 /* Cairo-ExtraLight.ttf in Resources */,
				6782E82F224675D800EE19B5 /* Cairo-SemiBold.ttf in Resources */,
				67D63E122246FC0200840B08 /* Assets.xcassets in Resources */,
				6782E82E224675D800EE19B5 /* Cairo-Regular.ttf in Resources */,
				6782E82B224675D800EE19B5 /* Cairo-Bold.ttf in Resources */,
				6782E816224667CB00EE19B5 /* Main.storyboard in Resources */,
				6782E82A224675D800EE19B5 /* Cairo-Black.ttf in Resources */,
				6782E82D224675D800EE19B5 /* Cairo-Light.ttf in Resources */,
			);
			runOnlyForDeploymentPostprocessing = 0;
		};
/* End PBXResourcesBuildPhase section */

/* Begin PBXShellScriptBuildPhase section */
		5E6B4423C4CA2650BF778873 /* [CP] Embed Pods Frameworks */ = {
			isa = PBXShellScriptBuildPhase;
			buildActionMask = 2147483647;
			files = (
			);
			inputFileListPaths = (
			);
			inputPaths = (
				"${PODS_ROOT}/Target Support Files/Pods-task_Hkurat/Pods-task_Hkurat-frameworks.sh",
				"${BUILT_PRODUCTS_DIR}/Alamofire/Alamofire.framework",
				"${BUILT_PRODUCTS_DIR}/Cosmos/Cosmos.framework",
				"${BUILT_PRODUCTS_DIR}/IQKeyboardManagerSwift/IQKeyboardManagerSwift.framework",
				"${BUILT_PRODUCTS_DIR}/Kingfisher/Kingfisher.framework",
				"${BUILT_PRODUCTS_DIR}/SwiftyJSON/SwiftyJSON.framework",
				"${BUILT_PRODUCTS_DIR}/TinyConstraints/TinyConstraints.framework",
			);
			name = "[CP] Embed Pods Frameworks";
			outputFileListPaths = (
			);
			outputPaths = (
				"${TARGET_BUILD_DIR}/${FRAMEWORKS_FOLDER_PATH}/Alamofire.framework",
				"${TARGET_BUILD_DIR}/${FRAMEWORKS_FOLDER_PATH}/Cosmos.framework",
				"${TARGET_BUILD_DIR}/${FRAMEWORKS_FOLDER_PATH}/IQKeyboardManagerSwift.framework",
				"${TARGET_BUILD_DIR}/${FRAMEWORKS_FOLDER_PATH}/Kingfisher.framework",
				"${TARGET_BUILD_DIR}/${FRAMEWORKS_FOLDER_PATH}/SwiftyJSON.framework",
				"${TARGET_BUILD_DIR}/${FRAMEWORKS_FOLDER_PATH}/TinyConstraints.framework",
			);
			runOnlyForDeploymentPostprocessing = 0;
			shellPath = /bin/sh;
			shellScript = "\"${PODS_ROOT}/Target Support Files/Pods-task_Hkurat/Pods-task_Hkurat-frameworks.sh\"\n";
			showEnvVarsInLog = 0;
		};
		631C87F9055DDFC340870CFE /* [CP] Check Pods Manifest.lock */ = {
			isa = PBXShellScriptBuildPhase;
			buildActionMask = 2147483647;
			files = (
			);
			inputFileListPaths = (
			);
			inputPaths = (
				"${PODS_PODFILE_DIR_PATH}/Podfile.lock",
				"${PODS_ROOT}/Manifest.lock",
			);
			name = "[CP] Check Pods Manifest.lock";
			outputFileListPaths = (
			);
			outputPaths = (
				"$(DERIVED_FILE_DIR)/Pods-task_Hkurat-checkManifestLockResult.txt",
			);
			runOnlyForDeploymentPostprocessing = 0;
			shellPath = /bin/sh;
			shellScript = "diff \"${PODS_PODFILE_DIR_PATH}/Podfile.lock\" \"${PODS_ROOT}/Manifest.lock\" > /dev/null\nif [ $? != 0 ] ; then\n    # print error to STDERR\n    echo \"error: The sandbox is not in sync with the Podfile.lock. Run 'pod install' or update your CocoaPods installation.\" >&2\n    exit 1\nfi\n# This output is used by Xcode 'outputs' to avoid re-running this script phase.\necho \"SUCCESS\" > \"${SCRIPT_OUTPUT_FILE_0}\"\n";
			showEnvVarsInLog = 0;
		};
/* End PBXShellScriptBuildPhase section */

/* Begin PBXSourcesBuildPhase section */
		6782E809224667CB00EE19B5 /* Sources */ = {
			isa = PBXSourcesBuildPhase;
			buildActionMask = 2147483647;
			files = (
				6782E813224667CB00EE19B5 /* Register.swift in Sources */,
				6786B88B2252A075009EF555 /* models.swift in Sources */,
				670302702248639A00D3D53D /* myAccount.swift in Sources */,
				6782E811224667CB00EE19B5 /* AppDelegate.swift in Sources */,
				67D63E142247042400840B08 /* subCatagoriesVC.swift in Sources */,
				6786B8882252A011009EF555 /* API.swift in Sources */,
				6786B88D2252AF24009EF555 /* helper.swift in Sources */,
				6782E8332246793600EE19B5 /* CornerReduis.swift in Sources */,
				678B20992246E6E900B44ABA /* cellData.swift in Sources */,
				67030255224828C800D3D53D /* myOrders.swift in Sources */,
				6703025C2248350800D3D53D /* mapscreen.swift in Sources */,
				678B20972246D75E00B44ABA /* LogIn.swift in Sources */,
				6703026222484C9700D3D53D /* menuVC.swift in Sources */,
				67444A1722540EC300731616 /* DetailsVC.swift in Sources */,
				678B209D2246E75100B44ABA /* Catagories.swift in Sources */,
				67D63E16224704CF00840B08 /* subCatacell.swift in Sources */,
				6703026C224853F100D3D53D /* SWRevealViewController.m in Sources */,
				6703026E2248637800D3D53D /* contact_Us.swift in Sources */,
			);
			runOnlyForDeploymentPostprocessing = 0;
		};
/* End PBXSourcesBuildPhase section */

/* Begin PBXVariantGroup section */
		6782E814224667CB00EE19B5 /* Main.storyboard */ = {
			isa = PBXVariantGroup;
			children = (
				6782E815224667CB00EE19B5 /* Base */,
			);
			name = Main.storyboard;
			sourceTree = "<group>";
		};
		6782E819224667CD00EE19B5 /* LaunchScreen.storyboard */ = {
			isa = PBXVariantGroup;
			children = (
				6782E81A224667CD00EE19B5 /* Base */,
			);
			name = LaunchScreen.storyboard;
			sourceTree = "<group>";
		};
/* End PBXVariantGroup section */

/* Begin XCBuildConfiguration section */
		6782E81D224667CD00EE19B5 /* Debug */ = {
			isa = XCBuildConfiguration;
			buildSettings = {
				ALWAYS_SEARCH_USER_PATHS = NO;
				CLANG_ANALYZER_NONNULL = YES;
				CLANG_ANALYZER_NUMBER_OBJECT_CONVERSION = YES_AGGRESSIVE;
				CLANG_CXX_LANGUAGE_STANDARD = "gnu++14";
				CLANG_CXX_LIBRARY = "libc++";
				CLANG_ENABLE_MODULES = YES;
				CLANG_ENABLE_OBJC_ARC = YES;
				CLANG_ENABLE_OBJC_WEAK = YES;
				CLANG_WARN_BLOCK_CAPTURE_AUTORELEASING = YES;
				CLANG_WARN_BOOL_CONVERSION = YES;
				CLANG_WARN_COMMA = YES;
				CLANG_WARN_CONSTANT_CONVERSION = YES;
				CLANG_WARN_DEPRECATED_OBJC_IMPLEMENTATIONS = YES;
				CLANG_WARN_DIRECT_OBJC_ISA_USAGE = YES_ERROR;
				CLANG_WARN_DOCUMENTATION_COMMENTS = YES;
				CLANG_WARN_EMPTY_BODY = YES;
				CLANG_WARN_ENUM_CONVERSION = YES;
				CLANG_WARN_INFINITE_RECURSION = YES;
				CLANG_WARN_INT_CONVERSION = YES;
				CLANG_WARN_NON_LITERAL_NULL_CONVERSION = YES;
				CLANG_WARN_OBJC_IMPLICIT_RETAIN_SELF = YES;
				CLANG_WARN_OBJC_LITERAL_CONVERSION = YES;
				CLANG_WARN_OBJC_ROOT_CLASS = YES_ERROR;
				CLANG_WARN_RANGE_LOOP_ANALYSIS = YES;
				CLANG_WARN_STRICT_PROTOTYPES = YES;
				CLANG_WARN_SUSPICIOUS_MOVE = YES;
				CLANG_WARN_UNGUARDED_AVAILABILITY = YES_AGGRESSIVE;
				CLANG_WARN_UNREACHABLE_CODE = YES;
				CLANG_WARN__DUPLICATE_METHOD_MATCH = YES;
				CODE_SIGN_IDENTITY = "iPhone Developer";
				COPY_PHASE_STRIP = NO;
				DEBUG_INFORMATION_FORMAT = dwarf;
				ENABLE_STRICT_OBJC_MSGSEND = YES;
				ENABLE_TESTABILITY = YES;
				GCC_C_LANGUAGE_STANDARD = gnu11;
				GCC_DYNAMIC_NO_PIC = NO;
				GCC_NO_COMMON_BLOCKS = YES;
				GCC_OPTIMIZATION_LEVEL = 0;
				GCC_PREPROCESSOR_DEFINITIONS = (
					"DEBUG=1",
					"$(inherited)",
				);
				GCC_WARN_64_TO_32_BIT_CONVERSION = YES;
				GCC_WARN_ABOUT_RETURN_TYPE = YES_ERROR;
				GCC_WARN_UNDECLARED_SELECTOR = YES;
				GCC_WARN_UNINITIALIZED_AUTOS = YES_AGGRESSIVE;
				GCC_WARN_UNUSED_FUNCTION = YES;
				GCC_WARN_UNUSED_VARIABLE = YES;
				IPHONEOS_DEPLOYMENT_TARGET = 12.0;
				MTL_ENABLE_DEBUG_INFO = INCLUDE_SOURCE;
				MTL_FAST_MATH = YES;
				ONLY_ACTIVE_ARCH = YES;
				SDKROOT = iphoneos;
				SWIFT_ACTIVE_COMPILATION_CONDITIONS = DEBUG;
				SWIFT_OPTIMIZATION_LEVEL = "-Onone";
			};
			name = Debug;
		};
		6782E81E224667CD00EE19B5 /* Release */ = {
			isa = XCBuildConfiguration;
			buildSettings = {
				ALWAYS_SEARCH_USER_PATHS = NO;
				CLANG_ANALYZER_NONNULL = YES;
				CLANG_ANALYZER_NUMBER_OBJECT_CONVERSION = YES_AGGRESSIVE;
				CLANG_CXX_LANGUAGE_STANDARD = "gnu++14";
				CLANG_CXX_LIBRARY = "libc++";
				CLANG_ENABLE_MODULES = YES;
				CLANG_ENABLE_OBJC_ARC = YES;
				CLANG_ENABLE_OBJC_WEAK = YES;
				CLANG_WARN_BLOCK_CAPTURE_AUTORELEASING = YES;
				CLANG_WARN_BOOL_CONVERSION = YES;
				CLANG_WARN_COMMA = YES;
				CLANG_WARN_CONSTANT_CONVERSION = YES;
				CLANG_WARN_DEPRECATED_OBJC_IMPLEMENTATIONS = YES;
				CLANG_WARN_DIRECT_OBJC_ISA_USAGE = YES_ERROR;
				CLANG_WARN_DOCUMENTATION_COMMENTS = YES;
				CLANG_WARN_EMPTY_BODY = YES;
				CLANG_WARN_ENUM_CONVERSION = YES;
				CLANG_WARN_INFINITE_RECURSION = YES;
				CLANG_WARN_INT_CONVERSION = YES;
				CLANG_WARN_NON_LITERAL_NULL_CONVERSION = YES;
				CLANG_WARN_OBJC_IMPLICIT_RETAIN_SELF = YES;
				CLANG_WARN_OBJC_LITERAL_CONVERSION = YES;
				CLANG_WARN_OBJC_ROOT_CLASS = YES_ERROR;
				CLANG_WARN_RANGE_LOOP_ANALYSIS = YES;
				CLANG_WARN_STRICT_PROTOTYPES = YES;
				CLANG_WARN_SUSPICIOUS_MOVE = YES;
				CLANG_WARN_UNGUARDED_AVAILABILITY = YES_AGGRESSIVE;
				CLANG_WARN_UNREACHABLE_CODE = YES;
				CLANG_WARN__DUPLICATE_METHOD_MATCH = YES;
				CODE_SIGN_IDENTITY = "iPhone Developer";
				COPY_PHASE_STRIP = NO;
				DEBUG_INFORMATION_FORMAT = "dwarf-with-dsym";
				ENABLE_NS_ASSERTIONS = NO;
				ENABLE_STRICT_OBJC_MSGSEND = YES;
				GCC_C_LANGUAGE_STANDARD = gnu11;
				GCC_NO_COMMON_BLOCKS = YES;
				GCC_WARN_64_TO_32_BIT_CONVERSION = YES;
				GCC_WARN_ABOUT_RETURN_TYPE = YES_ERROR;
				GCC_WARN_UNDECLARED_SELECTOR = YES;
				GCC_WARN_UNINITIALIZED_AUTOS = YES_AGGRESSIVE;
				GCC_WARN_UNUSED_FUNCTION = YES;
				GCC_WARN_UNUSED_VARIABLE = YES;
				IPHONEOS_DEPLOYMENT_TARGET = 12.0;
				MTL_ENABLE_DEBUG_INFO = NO;
				MTL_FAST_MATH = YES;
				SDKROOT = iphoneos;
				SWIFT_COMPILATION_MODE = wholemodule;
				SWIFT_OPTIMIZATION_LEVEL = "-O";
				VALIDATE_PRODUCT = YES;
			};
			name = Release;
		};
		6782E820224667CD00EE19B5 /* Debug */ = {
			isa = XCBuildConfiguration;
			baseConfigurationReference = 288F0EB583C7BC0283E27788 /* Pods-task_Hkurat.debug.xcconfig */;
			buildSettings = {
				ASSETCATALOG_COMPILER_APPICON_NAME = AppIcon;
				CLANG_ENABLE_MODULES = YES;
				CODE_SIGN_STYLE = Automatic;
				INFOPLIST_FILE = task_Hkurat/Info.plist;
				LD_RUNPATH_SEARCH_PATHS = (
					"$(inherited)",
					"@executable_path/Frameworks",
				);
				PRODUCT_BUNDLE_IDENTIFIER = "personal.task-Hkurat";
				PRODUCT_NAME = "$(TARGET_NAME)";
				SWIFT_OBJC_BRIDGING_HEADER = "task_Hkurat/Supporting Files/task_Hkurat-Bridging-Header.h";
				SWIFT_OPTIMIZATION_LEVEL = "-Onone";
				SWIFT_VERSION = 4.2;
				TARGETED_DEVICE_FAMILY = "1,2";
			};
			name = Debug;
		};
		6782E821224667CD00EE19B5 /* Release */ = {
			isa = XCBuildConfiguration;
			baseConfigurationReference = B57C6E78DD0D32152CDBE08B /* Pods-task_Hkurat.release.xcconfig */;
			buildSettings = {
				ASSETCATALOG_COMPILER_APPICON_NAME = AppIcon;
				CLANG_ENABLE_MODULES = YES;
				CODE_SIGN_STYLE = Automatic;
				INFOPLIST_FILE = task_Hkurat/Info.plist;
				LD_RUNPATH_SEARCH_PATHS = (
					"$(inherited)",
					"@executable_path/Frameworks",
				);
				PRODUCT_BUNDLE_IDENTIFIER = "personal.task-Hkurat";
				PRODUCT_NAME = "$(TARGET_NAME)";
				SWIFT_OBJC_BRIDGING_HEADER = "task_Hkurat/Supporting Files/task_Hkurat-Bridging-Header.h";
				SWIFT_VERSION = 4.2;
				TARGETED_DEVICE_FAMILY = "1,2";
			};
			name = Release;
		};
/* End XCBuildConfiguration section */

/* Begin XCConfigurationList section */
		6782E808224667CB00EE19B5 /* Build configuration list for PBXProject "task_Hkurat" */ = {
			isa = XCConfigurationList;
			buildConfigurations = (
				6782E81D224667CD00EE19B5 /* Debug */,
				6782E81E224667CD00EE19B5 /* Release */,
			);
			defaultConfigurationIsVisible = 0;
			defaultConfigurationName = Release;
		};
		6782E81F224667CD00EE19B5 /* Build configuration list for PBXNativeTarget "task_Hkurat" */ = {
			isa = XCConfigurationList;
			buildConfigurations = (
				6782E820224667CD00EE19B5 /* Debug */,
				6782E821224667CD00EE19B5 /* Release */,
			);
			defaultConfigurationIsVisible = 0;
			defaultConfigurationName = Release;
		};
/* End XCConfigurationList section */
	};
	rootObject = 6782E805224667CB00EE19B5 /* Project object */;
}
